
Microsoft Visual Studio Solution File, Format Version 12.00
# Visual Studio Version 16
VisualStudioVersion = 16.0.28803.156
MinimumVisualStudioVersion = 10.0.40219.1
Project("{9A19103F-16F7-4668-BE54-9A1E7A4F7556}") = "MyVet.Common", "MyVet.Common\MyVet.Common.csproj", "{320B2E1B-0DED-4833-8181-CCD93AEA9CDC}"
EndProject
Project("{9A19103F-16F7-4668-BE54-9A1E7A4F7556}") = "MyVet.Web", "MyVet.Web\MyVet.Web.csproj", "{ACDAB461-8A02-46E1-AA42-75D49D69A3C9}"
EndProject
Project("{FAE04EC0-301F-11D3-BF4B-00C04F79EFBC}") = "MyVet.Prism", "MyVet.Prism\MyVet.Prism\MyVet.Prism.csproj", "{42A85E37-B41A-4AC8-A444-8303BE2A88E2}"
EndProject
Project("{FAE04EC0-301F-11D3-BF4B-00C04F79EFBC}") = "MyVet.Prism.Android", "MyVet.Prism\MyVet.Prism.Android\MyVet.Prism.Android.csproj", "{EDE3D527-97E4-4BBB-93DF-37F08E7F7E45}"
EndProject
Project("{FAE04EC0-301F-11D3-BF4B-00C04F79EFBC}") = "MyVet.Prism.iOS", "MyVet.Prism\MyVet.Prism.iOS\MyVet.Prism.iOS.csproj", "{3A893C89-A556-4D44-855B-15684273CB5E}"
EndProject
Global
	GlobalSection(SolutionConfigurationPlatforms) = preSolution
		Ad-Hoc|Any CPU = Ad-Hoc|Any CPU
		Ad-Hoc|iPhone = Ad-Hoc|iPhone
		Ad-Hoc|iPhoneSimulator = Ad-Hoc|iPhoneSimulator
		AppStore|Any CPU = AppStore|Any CPU
		AppStore|iPhone = AppStore|iPhone
		AppStore|iPhoneSimulator = AppStore|iPhoneSimulator
		Debug|Any CPU = Debug|Any CPU
		Debug|iPhone = Debug|iPhone
		Debug|iPhoneSimulator = Debug|iPhoneSimulator
		Release|Any CPU = Release|Any CPU
		Release|iPhone = Release|iPhone
		Release|iPhoneSimulator = Release|iPhoneSimulator
	EndGlobalSection
	GlobalSection(ProjectConfigurationPlatforms) = postSolution
		{320B2E1B-0DED-4833-8181-CCD93AEA9CDC}.Ad-Hoc|Any CPU.ActiveCfg = Release|Any CPU
		{320B2E1B-0DED-4833-8181-CCD93AEA9CDC}.Ad-Hoc|Any CPU.Build.0 = Release|Any CPU
		{320B2E1B-0DED-4833-8181-CCD93AEA9CDC}.Ad-Hoc|iPhone.ActiveCfg = Release|Any CPU
		{320B2E1B-0DED-4833-8181-CCD93AEA9CDC}.Ad-Hoc|iPhone.Build.0 = Release|Any CPU
		{320B2E1B-0DED-4833-8181-CCD93AEA9CDC}.Ad-Hoc|iPhoneSimulator.ActiveCfg = Release|Any CPU
		{320B2E1B-0DED-4833-8181-CCD93AEA9CDC}.Ad-Hoc|iPhoneSimulator.Build.0 = Release|Any CPU
		{320B2E1B-0DED-4833-8181-CCD93AEA9CDC}.AppStore|Any CPU.ActiveCfg = Release|Any CPU
		{320B2E1B-0DED-4833-8181-CCD93AEA9CDC}.AppStore|Any CPU.Build.0 = Release|Any CPU
		{320B2E1B-0DED-4833-8181-CCD93AEA9CDC}.AppStore|iPhone.ActiveCfg = Release|Any CPU
		{320B2E1B-0DED-4833-8181-CCD93AEA9CDC}.AppStore|iPhone.Build.0 = Release|Any CPU
		{320B2E1B-0DED-4833-8181-CCD93AEA9CDC}.AppStore|iPhoneSimulator.ActiveCfg = Release|Any CPU
		{320B2E1B-0DED-4833-8181-CCD93AEA9CDC}.AppStore|iPhoneSimulator.Build.0 = Release|Any CPU
		{320B2E1B-0DED-4833-8181-CCD93AEA9CDC}.Debug|Any CPU.ActiveCfg = Debug|Any CPU
		{320B2E1B-0DED-4833-8181-CCD93AEA9CDC}.Debug|Any CPU.Build.0 = Debug|Any CPU
		{320B2E1B-0DED-4833-8181-CCD93AEA9CDC}.Debug|iPhone.ActiveCfg = Debug|Any CPU
		{320B2E1B-0DED-4833-8181-CCD93AEA9CDC}.Debug|iPhone.Build.0 = Debug|Any CPU
		{320B2E1B-0DED-4833-8181-CCD93AEA9CDC}.Debug|iPhoneSimulator.ActiveCfg = Debug|Any CPU
		{320B2E1B-0DED-4833-8181-CCD93AEA9CDC}.Debug|iPhoneSimulator.Build.0 = Debug|Any CPU
		{320B2E1B-0DED-4833-8181-CCD93AEA9CDC}.Release|Any CPU.ActiveCfg = Release|Any CPU
		{320B2E1B-0DED-4833-8181-CCD93AEA9CDC}.Release|Any CPU.Build.0 = Release|Any CPU
		{320B2E1B-0DED-4833-8181-CCD93AEA9CDC}.Release|iPhone.ActiveCfg = Release|Any CPU
		{320B2E1B-0DED-4833-8181-CCD93AEA9CDC}.Release|iPhone.Build.0 = Release|Any CPU
		{320B2E1B-0DED-4833-8181-CCD93AEA9CDC}.Release|iPhoneSimulator.ActiveCfg = Release|Any CPU
		{320B2E1B-0DED-4833-8181-CCD93AEA9CDC}.Release|iPhoneSimulator.Build.0 = Release|Any CPU
		{ACDAB461-8A02-46E1-AA42-75D49D69A3C9}.Ad-Hoc|Any CPU.ActiveCfg = Release|Any CPU
		{ACDAB461-8A02-46E1-AA42-75D49D69A3C9}.Ad-Hoc|Any CPU.Build.0 = Release|Any CPU
		{ACDAB461-8A02-46E1-AA42-75D49D69A3C9}.Ad-Hoc|iPhone.ActiveCfg = Release|Any CPU
		{ACDAB461-8A02-46E1-AA42-75D49D69A3C9}.Ad-Hoc|iPhone.Build.0 = Release|Any CPU
		{ACDAB461-8A02-46E1-AA42-75D49D69A3C9}.Ad-Hoc|iPhoneSimulator.ActiveCfg = Release|Any CPU
		{ACDAB461-8A02-46E1-AA42-75D49D69A3C9}.Ad-Hoc|iPhoneSimulator.Build.0 = Release|Any CPU
		{ACDAB461-8A02-46E1-AA42-75D49D69A3C9}.AppStore|Any CPU.ActiveCfg = Release|Any CPU
		{ACDAB461-8A02-46E1-AA42-75D49D69A3C9}.AppStore|Any CPU.Build.0 = Release|Any CPU
		{ACDAB461-8A02-46E1-AA42-75D49D69A3C9}.AppStore|iPhone.ActiveCfg = Release|Any CPU
		{ACDAB461-8A02-46E1-AA42-75D49D69A3C9}.AppStore|iPhone.Build.0 = Release|Any CPU
		{ACDAB461-8A02-46E1-AA42-75D49D69A3C9}.AppStore|iPhoneSimulator.ActiveCfg = Release|Any CPU
		{ACDAB461-8A02-46E1-AA42-75D49D69A3C9}.AppStore|iPhoneSimulator.Build.0 = Release|Any CPU
		{ACDAB461-8A02-46E1-AA42-75D49D69A3C9}.Debug|Any CPU.ActiveCfg = Debug|Any CPU
		{ACDAB461-8A02-46E1-AA42-75D49D69A3C9}.Debug|Any CPU.Build.0 = Debug|Any CPU
		{ACDAB461-8A02-46E1-AA42-75D49D69A3C9}.Debug|iPhone.ActiveCfg = Debug|Any CPU
		{ACDAB461-8A02-46E1-AA42-75D49D69A3C9}.Debug|iPhone.Build.0 = Debug|Any CPU
		{ACDAB461-8A02-46E1-AA42-75D49D69A3C9}.Debug|iPhoneSimulator.ActiveCfg = Debug|Any CPU
		{ACDAB461-8A02-46E1-AA42-75D49D69A3C9}.Debug|iPhoneSimulator.Build.0 = Debug|Any CPU
		{ACDAB461-8A02-46E1-AA42-75D49D69A3C9}.Release|Any CPU.ActiveCfg = Release|Any CPU
		{ACDAB461-8A02-46E1-AA42-75D49D69A3C9}.Release|Any CPU.Build.0 = Release|Any CPU
		{ACDAB461-8A02-46E1-AA42-75D49D69A3C9}.Release|iPhone.ActiveCfg = Release|Any CPU
		{ACDAB461-8A02-46E1-AA42-75D49D69A3C9}.Release|iPhone.Build.0 = Release|Any CPU
		{ACDAB461-8A02-46E1-AA42-75D49D69A3C9}.Release|iPhoneSimulator.ActiveCfg = Release|Any CPU
		{ACDAB461-8A02-46E1-AA42-75D49D69A3C9}.Release|iPhoneSimulator.Build.0 = Release|Any CPU
		{42A85E37-B41A-4AC8-A444-8303BE2A88E2}.Ad-Hoc|Any CPU.ActiveCfg = Debug|Any CPU
		{42A85E37-B41A-4AC8-A444-8303BE2A88E2}.Ad-Hoc|Any CPU.Build.0 = Debug|Any CPU
		{42A85E37-B41A-4AC8-A444-8303BE2A88E2}.Ad-Hoc|iPhone.ActiveCfg = Debug|Any CPU
		{42A85E37-B41A-4AC8-A444-8303BE2A88E2}.Ad-Hoc|iPhone.Build.0 = Debug|Any CPU
		{42A85E37-B41A-4AC8-A444-8303BE2A88E2}.Ad-Hoc|iPhoneSimulator.ActiveCfg = Debug|Any CPU
		{42A85E37-B41A-4AC8-A444-8303BE2A88E2}.Ad-Hoc|iPhoneSimulator.Build.0 = Debug|Any CPU
		{42A85E37-B41A-4AC8-A444-8303BE2A88E2}.AppStore|Any CPU.ActiveCfg = Debug|Any CPU
		{42A85E37-B41A-4AC8-A444-8303BE2A88E2}.AppStore|Any CPU.Build.0 = Debug|Any CPU
		{42A85E37-B41A-4AC8-A444-8303BE2A88E2}.AppStore|iPhone.ActiveCfg = Debug|Any CPU
		{42A85E37-B41A-4AC8-A444-8303BE2A88E2}.AppStore|iPhone.Build.0 = Debug|Any CPU
		{42A85E37-B41A-4AC8-A444-8303BE2A88E2}.AppStore|iPhoneSimulator.ActiveCfg = Debug|Any CPU
		{42A85E37-B41A-4AC8-A444-8303BE2A88E2}.AppStore|iPhoneSimulator.Build.0 = Debug|Any CPU
		{42A85E37-B41A-4AC8-A444-8303BE2A88E2}.Debug|Any CPU.ActiveCfg = Debug|Any CPU
		{42A85E37-B41A-4AC8-A444-8303BE2A88E2}.Debug|Any CPU.Build.0 = Debug|Any CPU
		{42A85E37-B41A-4AC8-A444-8303BE2A88E2}.Debug|iPhone.ActiveCfg = Debug|Any CPU
		{42A85E37-B41A-4AC8-A444-8303BE2A88E2}.Debug|iPhone.Build.0 = Debug|Any CPU
		{42A85E37-B41A-4AC8-A444-8303BE2A88E2}.Debug|iPhoneSimulator.ActiveCfg = Debug|Any CPU
		{42A85E37-B41A-4AC8-A444-8303BE2A88E2}.Debug|iPhoneSimulator.Build.0 = Debug|Any CPU
		{42A85E37-B41A-4AC8-A444-8303BE2A88E2}.Release|Any CPU.ActiveCfg = Release|Any CPU
		{42A85E37-B41A-4AC8-A444-8303BE2A88E2}.Release|Any CPU.Build.0 = Release|Any CPU
		{42A85E37-B41A-4AC8-A444-8303BE2A88E2}.Release|iPhone.ActiveCfg = Release|Any CPU
		{42A85E37-B41A-4AC8-A444-8303BE2A88E2}.Release|iPhone.Build.0 = Release|Any CPU
		{42A85E37-B41A-4AC8-A444-8303BE2A88E2}.Release|iPhoneSimulator.ActiveCfg = Release|Any CPU
		{42A85E37-B41A-4AC8-A444-8303BE2A88E2}.Release|iPhoneSimulator.Build.0 = Release|Any CPU
		{EDE3D527-97E4-4BBB-93DF-37F08E7F7E45}.Ad-Hoc|Any CPU.ActiveCfg = Release|Any CPU
		{EDE3D527-97E4-4BBB-93DF-37F08E7F7E45}.Ad-Hoc|Any CPU.Build.0 = Release|Any CPU
		{EDE3D527-97E4-4BBB-93DF-37F08E7F7E45}.Ad-Hoc|Any CPU.Deploy.0 = Release|Any CPU
		{EDE3D527-97E4-4BBB-93DF-37F08E7F7E45}.Ad-Hoc|iPhone.ActiveCfg = Release|Any CPU
		{EDE3D527-97E4-4BBB-93DF-37F08E7F7E45}.Ad-Hoc|iPhone.Build.0 = Release|Any CPU
		{EDE3D527-97E4-4BBB-93DF-37F08E7F7E45}.Ad-Hoc|iPhone.Deploy.0 = Release|Any CPU
		{EDE3D527-97E4-4BBB-93DF-37F08E7F7E45}.Ad-Hoc|iPhoneSimulator.ActiveCfg = Release|Any CPU
		{EDE3D527-97E4-4BBB-93DF-37F08E7F7E45}.Ad-Hoc|iPhoneSimulator.Build.0 = Release|Any CPU
		{EDE3D527-97E4-4BBB-93DF-37F08E7F7E45}.Ad-Hoc|iPhoneSimulator.Deploy.0 = Release|Any CPU
		{EDE3D527-97E4-4BBB-93DF-37F08E7F7E45}.AppStore|Any CPU.ActiveCfg = Release|Any CPU
		{EDE3D527-97E4-4BBB-93DF-37F08E7F7E45}.AppStore|Any CPU.Build.0 = Release|Any CPU
		{EDE3D527-97E4-4BBB-93DF-37F08E7F7E45}.AppStore|Any CPU.Deploy.0 = Release|Any CPU
		{EDE3D527-97E4-4BBB-93DF-37F08E7F7E45}.AppStore|iPhone.ActiveCfg = Release|Any CPU
		{EDE3D527-97E4-4BBB-93DF-37F08E7F7E45}.AppStore|iPhone.Build.0 = Release|Any CPU
		{EDE3D527-97E4-4BBB-93DF-37F08E7F7E45}.AppStore|iPhone.Deploy.0 = Release|Any CPU
		{EDE3D527-97E4-4BBB-93DF-37F08E7F7E45}.AppStore|iPhoneSimulator.ActiveCfg = Release|Any CPU
		{EDE3D527-97E4-4BBB-93DF-37F08E7F7E45}.AppStore|iPhoneSimulator.Build.0 = Release|Any CPU
		{EDE3D527-97E4-4BBB-93DF-37F08E7F7E45}.AppStore|iPhoneSimulator.Deploy.0 = Release|Any CPU
		{EDE3D527-97E4-4BBB-93DF-37F08E7F7E45}.Debug|Any CPU.ActiveCfg = Debug|Any CPU
		{EDE3D527-97E4-4BBB-93DF-37F08E7F7E45}.Debug|Any CPU.Build.0 = Debug|Any CPU
		{EDE3D527-97E4-4BBB-93DF-37F08E7F7E45}.Debug|Any CPU.Deploy.0 = Debug|Any CPU
		{EDE3D527-97E4-4BBB-93DF-37F08E7F7E45}.Debug|iPhone.ActiveCfg = Debug|Any CPU
		{EDE3D527-97E4-4BBB-93DF-37F08E7F7E45}.Debug|iPhone.Build.0 = Debug|Any CPU
		{EDE3D527-97E4-4BBB-93DF-37F08E7F7E45}.Debug|iPhone.Deploy.0 = Debug|Any CPU
		{EDE3D527-97E4-4BBB-93DF-37F08E7F7E45}.Debug|iPhoneSimulator.ActiveCfg = Debug|Any CPU
		{EDE3D527-97E4-4BBB-93DF-37F08E7F7E45}.Debug|iPhoneSimulator.Build.0 = Debug|Any CPU
		{EDE3D527-97E4-4BBB-93DF-37F08E7F7E45}.Debug|iPhoneSimulator.Deploy.0 = Debug|Any CPU
		{EDE3D527-97E4-4BBB-93DF-37F08E7F7E45}.Release|Any CPU.ActiveCfg = Release|Any CPU
		{EDE3D527-97E4-4BBB-93DF-37F08E7F7E45}.Release|Any CPU.Build.0 = Release|Any CPU
		{EDE3D527-97E4-4BBB-93DF-37F08E7F7E45}.Release|Any CPU.Deploy.0 = Release|Any CPU
		{EDE3D527-97E4-4BBB-93DF-37F08E7F7E45}.Release|iPhone.ActiveCfg = Release|Any CPU
		{EDE3D527-97E4-4BBB-93DF-37F08E7F7E45}.Release|iPhone.Build.0 = Release|Any CPU
		{EDE3D527-97E4-4BBB-93DF-37F08E7F7E45}.Release|iPhone.Deploy.0 = Release|Any CPU
		{EDE3D527-97E4-4BBB-93DF-37F08E7F7E45}.Release|iPhoneSimulator.ActiveCfg = Release|Any CPU
		{EDE3D527-97E4-4BBB-93DF-37F08E7F7E45}.Release|iPhoneSimulator.Build.0 = Release|Any CPU
		{EDE3D527-97E4-4BBB-93DF-37F08E7F7E45}.Release|iPhoneSimulator.Deploy.0 = Release|Any CPU
		{3A893C89-A556-4D44-855B-15684273CB5E}.Ad-Hoc|Any CPU.ActiveCfg = Ad-Hoc|iPhone
		{3A893C89-A556-4D44-855B-15684273CB5E}.Ad-Hoc|iPhone.ActiveCfg = Ad-Hoc|iPhone
		{3A893C89-A556-4D44-855B-15684273CB5E}.Ad-Hoc|iPhone.Build.0 = Ad-Hoc|iPhone
		{3A893C89-A556-4D44-855B-15684273CB5E}.Ad-Hoc|iPhoneSimulator.ActiveCfg = Ad-Hoc|iPhoneSimulator
		{3A893C89-A556-4D44-855B-15684273CB5E}.Ad-Hoc|iPhoneSimulator.Build.0 = Ad-Hoc|iPhoneSimulator
		{3A893C89-A556-4D44-855B-15684273CB5E}.AppStore|Any CPU.ActiveCfg = AppStore|iPhone
		{3A893C89-A556-4D44-855B-15684273CB5E}.AppStore|iPhone.ActiveCfg = AppStore|iPhone
		{3A893C89-A556-4D44-855B-15684273CB5E}.AppStore|iPhone.Build.0 = AppStore|iPhone
		{3A893C89-A556-4D44-855B-15684273CB5E}.AppStore|iPhoneSimulator.ActiveCfg = AppStore|iPhoneSimulator
		{3A893C89-A556-4D44-855B-15684273CB5E}.AppStore|iPhoneSimulator.Build.0 = AppStore|iPhoneSimulator
		{3A893C89-A556-4D44-855B-15684273CB5E}.Debug|Any CPU.ActiveCfg = Debug|iPhone
		{3A893C89-A556-4D44-855B-15684273CB5E}.Debug|iPhone.ActiveCfg = Debug|iPhone
		{3A893C89-A556-4D44-855B-15684273CB5E}.Debug|iPhone.Build.0 = Debug|iPhone
		{3A893C89-A556-4D44-855B-15684273CB5E}.Debug|iPhoneSimulator.ActiveCfg = Debug|iPhoneSimulator
		{3A893C89-A556-4D44-855B-15684273CB5E}.Debug|iPhoneSimulator.Build.0 = Debug|iPhoneSimulator
		{3A893C89-A556-4D44-855B-15684273CB5E}.Release|Any CPU.ActiveCfg = Release|iPhone
		{3A893C89-A556-4D44-855B-15684273CB5E}.Release|iPhone.ActiveCfg = Release|iPhone
		{3A893C89-A556-4D44-855B-15684273CB5E}.Release|iPhone.Build.0 = Release|iPhone
		{3A893C89-A556-4D44-855B-15684273CB5E}.Release|iPhoneSimulator.ActiveCfg = Release|iPhoneSimulator
		{3A893C89-A556-4D44-855B-15684273CB5E}.Release|iPhoneSimulator.Build.0 = Release|iPhoneSimulator
	EndGlobalSection
	GlobalSection(SolutionProperties) = preSolution
		HideSolutionNode = FALSE
	EndGlobalSection
	GlobalSection(ExtensibilityGlobals) = postSolution
		SolutionGuid = {A9104E90-C73C-4C1C-BA3F-2BE0B001DE98}
	EndGlobalSection
EndGlobal
